# This file is autogenerated, do not edit; changes may be undone by the next 'dep ensure'.


[[projects]]
  name = "github.com/davecgh/go-spew"
  packages = ["spew"]
  revision = "346938d642f2ec3594ed81d874461961cd0faa76"
  version = "v1.1.0"

[[projects]]
  name = "github.com/eclipse/paho.mqtt.golang"
  packages = [".","packets"]
  revision = "aff15770515e3c57fc6109da73d42b0d46f7f483"
  version = "v1.1.0"

[[projects]]
  name = "github.com/gorilla/context"
  packages = ["."]
  revision = "1ea25387ff6f684839d82767c1733ff4d4d15d0a"
  version = "v1.1"

[[projects]]
  name = "github.com/gorilla/mux"
  packages = ["."]
  revision = "24fca303ac6da784b9e8269f724ddeb0b2eea5e7"
  version = "v1.5.0"

[[projects]]
  branch = "master"
  name = "github.com/gost/core"
  packages = ["."]
  revision = "86b03f2e52f7b39f2a87ebf5e1a3e36d7e1a9c96"

[[projects]]
  branch = "master"
  name = "github.com/gost/godata"
  packages = ["."]
  revision = "eb127307756fd2bc7431198f9d14d9efe9904c6d"

[[projects]]
  name = "github.com/gost/now"
  packages = ["."]
  revision = "3be40983ef1c9b51654829678cbe3882b4eab6ac"
  version = "1.0"

[[projects]]
  branch = "master"
  name = "github.com/lib/pq"
  packages = [".","oid"]
  revision = "e42267488fe361b9dc034be7a6bffef5b195bceb"

[[projects]]
  name = "github.com/pmezard/go-difflib"
  packages = ["difflib"]
  revision = "792786c7400a136282c1664665ae0a8db921c6c2"
  version = "v1.0.0"

[[projects]]
  name = "github.com/sirupsen/logrus"
  packages = ["."]
  revision = "f006c2ac4710855cf0f916dd6b77acf6b048dc6e"
  version = "v1.0.3"

[[projects]]
  name = "github.com/stretchr/testify"
  packages = ["assert"]
  revision = "69483b4bd14f5845b5a1e55bca19e954e827f1d0"
  version = "v1.1.4"

[[projects]]
  branch = "master"
  name = "golang.org/x/crypto"
  packages = ["ssh/terminal"]
  revision = "faadfbdc035307d901e69eea569f5dda451a3ee3"

[[projects]]
  branch = "master"
  name = "golang.org/x/net"
  packages = ["proxy","websocket"]
  revision = "b129b8e0fbeb39c8358e51a07ab6c50ad415e72e"

[[projects]]
  branch = "master"
  name = "golang.org/x/sys"
  packages = ["unix","windows"]
  revision = "062cd7e4e68206d8bab9b18396626e855c992658"

[[projects]]
  branch = "v2"
  name = "gopkg.in/yaml.v2"
  packages = ["."]
  revision = "eb3733d160e74a9c7e442f435eb3bea458e1d19f"

[solve-meta]
  analyzer-name = "dep"
  analyzer-version = 1
  inputs-digest = "513889b1a7a539a7adcd58a1959a7290bacf20c81644b8d3f8d7396930c3cf49"
  solver-name = "gps-cdcl"
  solver-version = 1
